
Microsoft Visual Studio Solution File, Format Version 12.00
# Visual Studio Version 17
VisualStudioVersion = 17.0.32112.339
MinimumVisualStudioVersion = 10.0.40219.1
Project("{FAE04EC0-301F-11D3-BF4B-00C04F79EFBC}") = "CrescimentoExponencial", "CrescimentoExponencial.csproj", "{6A0C80DA-870F-466C-8982-B37C9C0C7DF0}"
EndProject
Global
	GlobalSection(SolutionConfigurationPlatforms) = preSolution
		Debug|Any CPU = Debug|Any CPU
		Release|Any CPU = Release|Any CPU
	EndGlobalSection
	GlobalSection(ProjectConfigurationPlatforms) = postSolution
		{6A0C80DA-870F-466C-8982-B37C9C0C7DF0}.Debug|Any CPU.ActiveCfg = Debug|Any CPU
		{6A0C80DA-870F-466C-8982-B37C9C0C7DF0}.Debug|Any CPU.Build.0 = Debug|Any CPU
		{6A0C80DA-870F-466C-8982-B37C9C0C7DF0}.Release|Any CPU.ActiveCfg = Release|Any CPU
		{6A0C80DA-870F-466C-8982-B37C9C0C7DF0}.Release|Any CPU.Build.0 = Release|Any CPU
	EndGlobalSection
	GlobalSection(SolutionProperties) = preSolution
		HideSolutionNode = FALSE
	EndGlobalSection
	GlobalSection(ExtensibilityGlobals) = postSolution
		SolutionGuid = {A704474B-EF58-4AD0-83F0-A694BA7FECE1}
	EndGlobalSection
EndGlobal
